
Microsoft Visual Studio Solution File, Format Version 12.00
# Visual Studio 14
VisualStudioVersion = 14.0.25420.1
MinimumVisualStudioVersion = 10.0.40219.1
Project("{FAE04EC0-301F-11D3-BF4B-00C04F79EFBC}") = "SendSMS", "SendSMS\SendSMS.csproj", "{61B0CD36-8F22-4637-BAD9-50F35609BF96}"
EndProject
Project("{2150E333-8FDC-42A3-9474-1A3956D46DE8}") = "Domain", "Domain", "{69091C12-BAE7-447A-87E5-1D3DB32F2B31}"
EndProject
Project("{2150E333-8FDC-42A3-9474-1A3956D46DE8}") = "Infrastructure", "Infrastructure", "{8112F6F5-60BC-4963-8F9D-B2D01BEE3039}"
EndProject
Project("{2150E333-8FDC-42A3-9474-1A3956D46DE8}") = "Presentation", "Presentation", "{21A19D6D-3C67-4943-9D2A-D02F96902323}"
EndProject
Project("{FAE04EC0-301F-11D3-BF4B-00C04F79EFBC}") = "Domain", "Domain\Domain.csproj", "{94C97081-C076-49BF-9E86-D77EE85A66A1}"
EndProject
Project("{FAE04EC0-301F-11D3-BF4B-00C04F79EFBC}") = "Infrastructure.WebService", "Infrastructure.LocaSMS\Infrastructure.WebService.csproj", "{5E69979D-BA3D-4A7D-BE12-841A9EB5F274}"
EndProject
Global
	GlobalSection(SolutionConfigurationPlatforms) = preSolution
		Debug|Any CPU = Debug|Any CPU
		Release|Any CPU = Release|Any CPU
	EndGlobalSection
	GlobalSection(ProjectConfigurationPlatforms) = postSolution
		{61B0CD36-8F22-4637-BAD9-50F35609BF96}.Debug|Any CPU.ActiveCfg = Debug|Any CPU
		{61B0CD36-8F22-4637-BAD9-50F35609BF96}.Debug|Any CPU.Build.0 = Debug|Any CPU
		{61B0CD36-8F22-4637-BAD9-50F35609BF96}.Release|Any CPU.ActiveCfg = Release|Any CPU
		{61B0CD36-8F22-4637-BAD9-50F35609BF96}.Release|Any CPU.Build.0 = Release|Any CPU
		{94C97081-C076-49BF-9E86-D77EE85A66A1}.Debug|Any CPU.ActiveCfg = Debug|Any CPU
		{94C97081-C076-49BF-9E86-D77EE85A66A1}.Debug|Any CPU.Build.0 = Debug|Any CPU
		{94C97081-C076-49BF-9E86-D77EE85A66A1}.Release|Any CPU.ActiveCfg = Release|Any CPU
		{94C97081-C076-49BF-9E86-D77EE85A66A1}.Release|Any CPU.Build.0 = Release|Any CPU
		{5E69979D-BA3D-4A7D-BE12-841A9EB5F274}.Debug|Any CPU.ActiveCfg = Debug|Any CPU
		{5E69979D-BA3D-4A7D-BE12-841A9EB5F274}.Debug|Any CPU.Build.0 = Debug|Any CPU
		{5E69979D-BA3D-4A7D-BE12-841A9EB5F274}.Release|Any CPU.ActiveCfg = Release|Any CPU
		{5E69979D-BA3D-4A7D-BE12-841A9EB5F274}.Release|Any CPU.Build.0 = Release|Any CPU
	EndGlobalSection
	GlobalSection(SolutionProperties) = preSolution
		HideSolutionNode = FALSE
	EndGlobalSection
	GlobalSection(NestedProjects) = preSolution
		{61B0CD36-8F22-4637-BAD9-50F35609BF96} = {21A19D6D-3C67-4943-9D2A-D02F96902323}
		{94C97081-C076-49BF-9E86-D77EE85A66A1} = {69091C12-BAE7-447A-87E5-1D3DB32F2B31}
		{5E69979D-BA3D-4A7D-BE12-841A9EB5F274} = {8112F6F5-60BC-4963-8F9D-B2D01BEE3039}
	EndGlobalSection
EndGlobal
